
Microsoft Visual Studio Solution File, Format Version 10.00
# Visual Studio 2008
Project("{8BC9CEB8-8B4A-11D0-8D11-00A0C91BC942}") = "sdna_vs2008", "sdna_vs2008.vcproj", "{E9ECF51A-5C6C-490A-8963-112A59EE66F7}"
EndProject
Project("{8BC9CEB8-8B4A-11D0-8D11-00A0C91BC942}") = "sdnacomwrapper", "..\sdnacomwrapper\sdnacomwrapper.vcproj", "{4A6CF44E-1244-4416-AE81-8119F4239F41}"
	ProjectSection(ProjectDependencies) = postProject
		{E9ECF51A-5C6C-490A-8963-112A59EE66F7} = {E9ECF51A-5C6C-490A-8963-112A59EE66F7}
	EndProjectSection
EndProject
Project("{F184B08F-C81C-45F6-A57F-5ABD9991F28F}") = "sDNAProgressBar", "..\sDNAProgressBar\sDNAProgressBar.vbproj", "{E05C6EBD-A754-4D94-BE20-E7BE98E4ADF3}"
EndProject
Project("{F184B08F-C81C-45F6-A57F-5ABD9991F28F}") = "registersdna", "..\registersdna\registersdna.vbproj", "{12AE952D-83A7-4506-8174-B7A70BCDD649}"
EndProject
Global
	GlobalSection(SolutionConfigurationPlatforms) = preSolution
		benchmark_probroutes|Any CPU = benchmark_probroutes|Any CPU
		benchmark_probroutes|Mixed Platforms = benchmark_probroutes|Mixed Platforms
		benchmark_probroutes|Win32 = benchmark_probroutes|Win32
		benchmark_probroutes|x64 = benchmark_probroutes|x64
		Debug_speedup|Any CPU = Debug_speedup|Any CPU
		Debug_speedup|Mixed Platforms = Debug_speedup|Mixed Platforms
		Debug_speedup|Win32 = Debug_speedup|Win32
		Debug_speedup|x64 = Debug_speedup|x64
		Debug|Any CPU = Debug|Any CPU
		Debug|Mixed Platforms = Debug|Mixed Platforms
		Debug|Win32 = Debug|Win32
		Debug|x64 = Debug|x64
		fast_debug|Any CPU = fast_debug|Any CPU
		fast_debug|Mixed Platforms = fast_debug|Mixed Platforms
		fast_debug|Win32 = fast_debug|Win32
		fast_debug|x64 = fast_debug|x64
		parallel_debug|Any CPU = parallel_debug|Any CPU
		parallel_debug|Mixed Platforms = parallel_debug|Mixed Platforms
		parallel_debug|Win32 = parallel_debug|Win32
		parallel_debug|x64 = parallel_debug|x64
		Release|Any CPU = Release|Any CPU
		Release|Mixed Platforms = Release|Mixed Platforms
		Release|Win32 = Release|Win32
		Release|x64 = Release|x64
		vtune|Any CPU = vtune|Any CPU
		vtune|Mixed Platforms = vtune|Mixed Platforms
		vtune|Win32 = vtune|Win32
		vtune|x64 = vtune|x64
	EndGlobalSection
	GlobalSection(ProjectConfigurationPlatforms) = postSolution
		{E9ECF51A-5C6C-490A-8963-112A59EE66F7}.benchmark_probroutes|Any CPU.ActiveCfg = benchmark_probroutes|Win32
		{E9ECF51A-5C6C-490A-8963-112A59EE66F7}.benchmark_probroutes|Mixed Platforms.ActiveCfg = benchmark_probroutes|Win32
		{E9ECF51A-5C6C-490A-8963-112A59EE66F7}.benchmark_probroutes|Mixed Platforms.Build.0 = benchmark_probroutes|Win32
		{E9ECF51A-5C6C-490A-8963-112A59EE66F7}.benchmark_probroutes|Win32.ActiveCfg = benchmark_probroutes|Win32
		{E9ECF51A-5C6C-490A-8963-112A59EE66F7}.benchmark_probroutes|Win32.Build.0 = benchmark_probroutes|Win32
		{E9ECF51A-5C6C-490A-8963-112A59EE66F7}.benchmark_probroutes|x64.ActiveCfg = benchmark_probroutes|x64
		{E9ECF51A-5C6C-490A-8963-112A59EE66F7}.benchmark_probroutes|x64.Build.0 = benchmark_probroutes|x64
		{E9ECF51A-5C6C-490A-8963-112A59EE66F7}.Debug_speedup|Any CPU.ActiveCfg = Debug_speedup|Win32
		{E9ECF51A-5C6C-490A-8963-112A59EE66F7}.Debug_speedup|Mixed Platforms.ActiveCfg = Debug_speedup|Win32
		{E9ECF51A-5C6C-490A-8963-112A59EE66F7}.Debug_speedup|Mixed Platforms.Build.0 = Debug_speedup|Win32
		{E9ECF51A-5C6C-490A-8963-112A59EE66F7}.Debug_speedup|Win32.ActiveCfg = Debug_speedup|Win32
		{E9ECF51A-5C6C-490A-8963-112A59EE66F7}.Debug_speedup|Win32.Build.0 = Debug_speedup|Win32
		{E9ECF51A-5C6C-490A-8963-112A59EE66F7}.Debug_speedup|x64.ActiveCfg = Debug_speedup|x64
		{E9ECF51A-5C6C-490A-8963-112A59EE66F7}.Debug_speedup|x64.Build.0 = Debug_speedup|x64
		{E9ECF51A-5C6C-490A-8963-112A59EE66F7}.Debug|Any CPU.ActiveCfg = Debug|Win32
		{E9ECF51A-5C6C-490A-8963-112A59EE66F7}.Debug|Mixed Platforms.ActiveCfg = Debug|Win32
		{E9ECF51A-5C6C-490A-8963-112A59EE66F7}.Debug|Mixed Platforms.Build.0 = Debug|Win32
		{E9ECF51A-5C6C-490A-8963-112A59EE66F7}.Debug|Win32.ActiveCfg = Debug|Win32
		{E9ECF51A-5C6C-490A-8963-112A59EE66F7}.Debug|Win32.Build.0 = Debug|Win32
		{E9ECF51A-5C6C-490A-8963-112A59EE66F7}.Debug|x64.ActiveCfg = Debug|x64
		{E9ECF51A-5C6C-490A-8963-112A59EE66F7}.Debug|x64.Build.0 = Debug|x64
		{E9ECF51A-5C6C-490A-8963-112A59EE66F7}.fast_debug|Any CPU.ActiveCfg = fast_debug|Win32
		{E9ECF51A-5C6C-490A-8963-112A59EE66F7}.fast_debug|Mixed Platforms.ActiveCfg = fast_debug|Win32
		{E9ECF51A-5C6C-490A-8963-112A59EE66F7}.fast_debug|Mixed Platforms.Build.0 = fast_debug|Win32
		{E9ECF51A-5C6C-490A-8963-112A59EE66F7}.fast_debug|Win32.ActiveCfg = fast_debug|Win32
		{E9ECF51A-5C6C-490A-8963-112A59EE66F7}.fast_debug|Win32.Build.0 = fast_debug|Win32
		{E9ECF51A-5C6C-490A-8963-112A59EE66F7}.fast_debug|x64.ActiveCfg = fast_debug|x64
		{E9ECF51A-5C6C-490A-8963-112A59EE66F7}.fast_debug|x64.Build.0 = fast_debug|x64
		{E9ECF51A-5C6C-490A-8963-112A59EE66F7}.parallel_debug|Any CPU.ActiveCfg = parallel_debug|x64
		{E9ECF51A-5C6C-490A-8963-112A59EE66F7}.parallel_debug|Mixed Platforms.ActiveCfg = parallel_debug|x64
		{E9ECF51A-5C6C-490A-8963-112A59EE66F7}.parallel_debug|Mixed Platforms.Build.0 = parallel_debug|x64
		{E9ECF51A-5C6C-490A-8963-112A59EE66F7}.parallel_debug|Win32.ActiveCfg = parallel_debug|Win32
		{E9ECF51A-5C6C-490A-8963-112A59EE66F7}.parallel_debug|Win32.Build.0 = parallel_debug|Win32
		{E9ECF51A-5C6C-490A-8963-112A59EE66F7}.parallel_debug|x64.ActiveCfg = parallel_debug|x64
		{E9ECF51A-5C6C-490A-8963-112A59EE66F7}.parallel_debug|x64.Build.0 = parallel_debug|x64
		{E9ECF51A-5C6C-490A-8963-112A59EE66F7}.Release|Any CPU.ActiveCfg = Release|Win32
		{E9ECF51A-5C6C-490A-8963-112A59EE66F7}.Release|Mixed Platforms.ActiveCfg = Release|Win32
		{E9ECF51A-5C6C-490A-8963-112A59EE66F7}.Release|Mixed Platforms.Build.0 = Release|Win32
		{E9ECF51A-5C6C-490A-8963-112A59EE66F7}.Release|Win32.ActiveCfg = Release|Win32
		{E9ECF51A-5C6C-490A-8963-112A59EE66F7}.Release|Win32.Build.0 = Release|Win32
		{E9ECF51A-5C6C-490A-8963-112A59EE66F7}.Release|x64.ActiveCfg = Release|x64
		{E9ECF51A-5C6C-490A-8963-112A59EE66F7}.Release|x64.Build.0 = Release|x64
		{E9ECF51A-5C6C-490A-8963-112A59EE66F7}.vtune|Any CPU.ActiveCfg = vtune|Win32
		{E9ECF51A-5C6C-490A-8963-112A59EE66F7}.vtune|Mixed Platforms.ActiveCfg = vtune|Win32
		{E9ECF51A-5C6C-490A-8963-112A59EE66F7}.vtune|Mixed Platforms.Build.0 = vtune|Win32
		{E9ECF51A-5C6C-490A-8963-112A59EE66F7}.vtune|Win32.ActiveCfg = vtune|Win32
		{E9ECF51A-5C6C-490A-8963-112A59EE66F7}.vtune|Win32.Build.0 = vtune|Win32
		{E9ECF51A-5C6C-490A-8963-112A59EE66F7}.vtune|x64.ActiveCfg = vtune|x64
		{E9ECF51A-5C6C-490A-8963-112A59EE66F7}.vtune|x64.Build.0 = vtune|x64
		{4A6CF44E-1244-4416-AE81-8119F4239F41}.benchmark_probroutes|Any CPU.ActiveCfg = Release|Win32
		{4A6CF44E-1244-4416-AE81-8119F4239F41}.benchmark_probroutes|Mixed Platforms.ActiveCfg = Release|Win32
		{4A6CF44E-1244-4416-AE81-8119F4239F41}.benchmark_probroutes|Mixed Platforms.Build.0 = Release|Win32
		{4A6CF44E-1244-4416-AE81-8119F4239F41}.benchmark_probroutes|Win32.ActiveCfg = Release|Win32
		{4A6CF44E-1244-4416-AE81-8119F4239F41}.benchmark_probroutes|Win32.Build.0 = Release|Win32
		{4A6CF44E-1244-4416-AE81-8119F4239F41}.benchmark_probroutes|x64.ActiveCfg = Debug64|x64
		{4A6CF44E-1244-4416-AE81-8119F4239F41}.Debug_speedup|Any CPU.ActiveCfg = Debug|Win32
		{4A6CF44E-1244-4416-AE81-8119F4239F41}.Debug_speedup|Mixed Platforms.ActiveCfg = Debug|Win32
		{4A6CF44E-1244-4416-AE81-8119F4239F41}.Debug_speedup|Mixed Platforms.Build.0 = Debug|Win32
		{4A6CF44E-1244-4416-AE81-8119F4239F41}.Debug_speedup|Win32.ActiveCfg = Debug|Win32
		{4A6CF44E-1244-4416-AE81-8119F4239F41}.Debug_speedup|Win32.Build.0 = Debug|Win32
		{4A6CF44E-1244-4416-AE81-8119F4239F41}.Debug_speedup|x64.ActiveCfg = Debug64|x64
		{4A6CF44E-1244-4416-AE81-8119F4239F41}.Debug_speedup|x64.Build.0 = Debug64|x64
		{4A6CF44E-1244-4416-AE81-8119F4239F41}.Debug|Any CPU.ActiveCfg = Debug|Win32
		{4A6CF44E-1244-4416-AE81-8119F4239F41}.Debug|Mixed Platforms.ActiveCfg = Debug|Win32
		{4A6CF44E-1244-4416-AE81-8119F4239F41}.Debug|Mixed Platforms.Build.0 = Debug|Win32
		{4A6CF44E-1244-4416-AE81-8119F4239F41}.Debug|Win32.ActiveCfg = Debug|Win32
		{4A6CF44E-1244-4416-AE81-8119F4239F41}.Debug|Win32.Build.0 = Debug|Win32
		{4A6CF44E-1244-4416-AE81-8119F4239F41}.Debug|x64.ActiveCfg = Debug|x64
		{4A6CF44E-1244-4416-AE81-8119F4239F41}.Debug|x64.Build.0 = Debug|x64
		{4A6CF44E-1244-4416-AE81-8119F4239F41}.fast_debug|Any CPU.ActiveCfg = fast_debug|Win32
		{4A6CF44E-1244-4416-AE81-8119F4239F41}.fast_debug|Mixed Platforms.ActiveCfg = fast_debug|Win32
		{4A6CF44E-1244-4416-AE81-8119F4239F41}.fast_debug|Mixed Platforms.Build.0 = fast_debug|Win32
		{4A6CF44E-1244-4416-AE81-8119F4239F41}.fast_debug|Win32.ActiveCfg = fast_debug|Win32
		{4A6CF44E-1244-4416-AE81-8119F4239F41}.fast_debug|x64.ActiveCfg = fast_debug|x64
		{4A6CF44E-1244-4416-AE81-8119F4239F41}.fast_debug|x64.Build.0 = fast_debug|x64
		{4A6CF44E-1244-4416-AE81-8119F4239F41}.parallel_debug|Any CPU.ActiveCfg = Debug64|x64
		{4A6CF44E-1244-4416-AE81-8119F4239F41}.parallel_debug|Mixed Platforms.ActiveCfg = Debug64|x64
		{4A6CF44E-1244-4416-AE81-8119F4239F41}.parallel_debug|Mixed Platforms.Build.0 = Debug64|x64
		{4A6CF44E-1244-4416-AE81-8119F4239F41}.parallel_debug|Win32.ActiveCfg = Debug64|x64
		{4A6CF44E-1244-4416-AE81-8119F4239F41}.parallel_debug|x64.ActiveCfg = Debug64|x64
		{4A6CF44E-1244-4416-AE81-8119F4239F41}.parallel_debug|x64.Build.0 = Debug64|x64
		{4A6CF44E-1244-4416-AE81-8119F4239F41}.Release|Any CPU.ActiveCfg = Release|Win32
		{4A6CF44E-1244-4416-AE81-8119F4239F41}.Release|Mixed Platforms.ActiveCfg = Release|Win32
		{4A6CF44E-1244-4416-AE81-8119F4239F41}.Release|Mixed Platforms.Build.0 = Release|Win32
		{4A6CF44E-1244-4416-AE81-8119F4239F41}.Release|Win32.ActiveCfg = Release|Win32
		{4A6CF44E-1244-4416-AE81-8119F4239F41}.Release|Win32.Build.0 = Release|Win32
		{4A6CF44E-1244-4416-AE81-8119F4239F41}.Release|x64.ActiveCfg = Release|x64
		{4A6CF44E-1244-4416-AE81-8119F4239F41}.Release|x64.Build.0 = Release|x64
		{4A6CF44E-1244-4416-AE81-8119F4239F41}.vtune|Any CPU.ActiveCfg = Release|Win32
		{4A6CF44E-1244-4416-AE81-8119F4239F41}.vtune|Mixed Platforms.ActiveCfg = Release|Win32
		{4A6CF44E-1244-4416-AE81-8119F4239F41}.vtune|Mixed Platforms.Build.0 = Release|Win32
		{4A6CF44E-1244-4416-AE81-8119F4239F41}.vtune|Win32.ActiveCfg = Release|Win32
		{4A6CF44E-1244-4416-AE81-8119F4239F41}.vtune|Win32.Build.0 = Release|Win32
		{4A6CF44E-1244-4416-AE81-8119F4239F41}.vtune|x64.ActiveCfg = Debug64|x64
		{4A6CF44E-1244-4416-AE81-8119F4239F41}.vtune|x64.Build.0 = Debug64|x64
		{E05C6EBD-A754-4D94-BE20-E7BE98E4ADF3}.benchmark_probroutes|Any CPU.ActiveCfg = Release|Any CPU
		{E05C6EBD-A754-4D94-BE20-E7BE98E4ADF3}.benchmark_probroutes|Any CPU.Build.0 = Release|Any CPU
		{E05C6EBD-A754-4D94-BE20-E7BE98E4ADF3}.benchmark_probroutes|Mixed Platforms.ActiveCfg = Release|Any CPU
		{E05C6EBD-A754-4D94-BE20-E7BE98E4ADF3}.benchmark_probroutes|Mixed Platforms.Build.0 = Release|Any CPU
		{E05C6EBD-A754-4D94-BE20-E7BE98E4ADF3}.benchmark_probroutes|Win32.ActiveCfg = Release|Any CPU
		{E05C6EBD-A754-4D94-BE20-E7BE98E4ADF3}.benchmark_probroutes|x64.ActiveCfg = Debug64|x64
		{E05C6EBD-A754-4D94-BE20-E7BE98E4ADF3}.Debug_speedup|Any CPU.ActiveCfg = Debug|Any CPU
		{E05C6EBD-A754-4D94-BE20-E7BE98E4ADF3}.Debug_speedup|Any CPU.Build.0 = Debug|Any CPU
		{E05C6EBD-A754-4D94-BE20-E7BE98E4ADF3}.Debug_speedup|Mixed Platforms.ActiveCfg = Debug|Any CPU
		{E05C6EBD-A754-4D94-BE20-E7BE98E4ADF3}.Debug_speedup|Mixed Platforms.Build.0 = Debug|Any CPU
		{E05C6EBD-A754-4D94-BE20-E7BE98E4ADF3}.Debug_speedup|Win32.ActiveCfg = Debug|Any CPU
		{E05C6EBD-A754-4D94-BE20-E7BE98E4ADF3}.Debug_speedup|x64.ActiveCfg = Debug64|x64
		{E05C6EBD-A754-4D94-BE20-E7BE98E4ADF3}.Debug_speedup|x64.Build.0 = Debug64|x64
		{E05C6EBD-A754-4D94-BE20-E7BE98E4ADF3}.Debug|Any CPU.ActiveCfg = Debug|Any CPU
		{E05C6EBD-A754-4D94-BE20-E7BE98E4ADF3}.Debug|Any CPU.Build.0 = Debug|Any CPU
		{E05C6EBD-A754-4D94-BE20-E7BE98E4ADF3}.Debug|Mixed Platforms.ActiveCfg = Debug|Any CPU
		{E05C6EBD-A754-4D94-BE20-E7BE98E4ADF3}.Debug|Mixed Platforms.Build.0 = Debug|Any CPU
		{E05C6EBD-A754-4D94-BE20-E7BE98E4ADF3}.Debug|Win32.ActiveCfg = Debug|Any CPU
		{E05C6EBD-A754-4D94-BE20-E7BE98E4ADF3}.Debug|Win32.Build.0 = Debug|Any CPU
		{E05C6EBD-A754-4D94-BE20-E7BE98E4ADF3}.Debug|x64.ActiveCfg = Debug|Any CPU
		{E05C6EBD-A754-4D94-BE20-E7BE98E4ADF3}.fast_debug|Any CPU.ActiveCfg = fast_debug|Any CPU
		{E05C6EBD-A754-4D94-BE20-E7BE98E4ADF3}.fast_debug|Any CPU.Build.0 = fast_debug|Any CPU
		{E05C6EBD-A754-4D94-BE20-E7BE98E4ADF3}.fast_debug|Mixed Platforms.ActiveCfg = fast_debug|Any CPU
		{E05C6EBD-A754-4D94-BE20-E7BE98E4ADF3}.fast_debug|Mixed Platforms.Build.0 = fast_debug|Any CPU
		{E05C6EBD-A754-4D94-BE20-E7BE98E4ADF3}.fast_debug|Win32.ActiveCfg = fast_debug|Any CPU
		{E05C6EBD-A754-4D94-BE20-E7BE98E4ADF3}.fast_debug|x64.ActiveCfg = fast_debug|x64
		{E05C6EBD-A754-4D94-BE20-E7BE98E4ADF3}.parallel_debug|Any CPU.ActiveCfg = Debug64|x86
		{E05C6EBD-A754-4D94-BE20-E7BE98E4ADF3}.parallel_debug|Mixed Platforms.ActiveCfg = Debug64|x86
		{E05C6EBD-A754-4D94-BE20-E7BE98E4ADF3}.parallel_debug|Mixed Platforms.Build.0 = Debug64|x86
		{E05C6EBD-A754-4D94-BE20-E7BE98E4ADF3}.parallel_debug|Win32.ActiveCfg = Debug64|x86
		{E05C6EBD-A754-4D94-BE20-E7BE98E4ADF3}.parallel_debug|x64.ActiveCfg = Debug64|x86
		{E05C6EBD-A754-4D94-BE20-E7BE98E4ADF3}.Release|Any CPU.ActiveCfg = Release|Any CPU
		{E05C6EBD-A754-4D94-BE20-E7BE98E4ADF3}.Release|Any CPU.Build.0 = Release|Any CPU
		{E05C6EBD-A754-4D94-BE20-E7BE98E4ADF3}.Release|Mixed Platforms.ActiveCfg = Release|Any CPU
		{E05C6EBD-A754-4D94-BE20-E7BE98E4ADF3}.Release|Mixed Platforms.Build.0 = Release|Any CPU
		{E05C6EBD-A754-4D94-BE20-E7BE98E4ADF3}.Release|Win32.ActiveCfg = Release|Any CPU
		{E05C6EBD-A754-4D94-BE20-E7BE98E4ADF3}.Release|Win32.Build.0 = Release|Any CPU
		{E05C6EBD-A754-4D94-BE20-E7BE98E4ADF3}.Release|x64.ActiveCfg = Release|Any CPU
		{E05C6EBD-A754-4D94-BE20-E7BE98E4ADF3}.vtune|Any CPU.ActiveCfg = Release|Any CPU
		{E05C6EBD-A754-4D94-BE20-E7BE98E4ADF3}.vtune|Any CPU.Build.0 = Release|Any CPU
		{E05C6EBD-A754-4D94-BE20-E7BE98E4ADF3}.vtune|Mixed Platforms.ActiveCfg = Release|Any CPU
		{E05C6EBD-A754-4D94-BE20-E7BE98E4ADF3}.vtune|Mixed Platforms.Build.0 = Release|Any CPU
		{E05C6EBD-A754-4D94-BE20-E7BE98E4ADF3}.vtune|Win32.ActiveCfg = Release|Any CPU
		{E05C6EBD-A754-4D94-BE20-E7BE98E4ADF3}.vtune|x64.ActiveCfg = Debug64|x64
		{E05C6EBD-A754-4D94-BE20-E7BE98E4ADF3}.vtune|x64.Build.0 = Debug64|x64
		{12AE952D-83A7-4506-8174-B7A70BCDD649}.benchmark_probroutes|Any CPU.ActiveCfg = Release|x86
		{12AE952D-83A7-4506-8174-B7A70BCDD649}.benchmark_probroutes|Mixed Platforms.ActiveCfg = Release|x86
		{12AE952D-83A7-4506-8174-B7A70BCDD649}.benchmark_probroutes|Mixed Platforms.Build.0 = Release|x86
		{12AE952D-83A7-4506-8174-B7A70BCDD649}.benchmark_probroutes|Win32.ActiveCfg = Release|x86
		{12AE952D-83A7-4506-8174-B7A70BCDD649}.benchmark_probroutes|x64.ActiveCfg = Release|x86
		{12AE952D-83A7-4506-8174-B7A70BCDD649}.Debug_speedup|Any CPU.ActiveCfg = Debug|x86
		{12AE952D-83A7-4506-8174-B7A70BCDD649}.Debug_speedup|Mixed Platforms.ActiveCfg = Debug|x86
		{12AE952D-83A7-4506-8174-B7A70BCDD649}.Debug_speedup|Mixed Platforms.Build.0 = Debug|x86
		{12AE952D-83A7-4506-8174-B7A70BCDD649}.Debug_speedup|Win32.ActiveCfg = Debug|x86
		{12AE952D-83A7-4506-8174-B7A70BCDD649}.Debug_speedup|x64.ActiveCfg = Debug|x86
		{12AE952D-83A7-4506-8174-B7A70BCDD649}.Debug|Any CPU.ActiveCfg = Debug|x86
		{12AE952D-83A7-4506-8174-B7A70BCDD649}.Debug|Mixed Platforms.ActiveCfg = Debug|x86
		{12AE952D-83A7-4506-8174-B7A70BCDD649}.Debug|Mixed Platforms.Build.0 = Debug|x86
		{12AE952D-83A7-4506-8174-B7A70BCDD649}.Debug|Win32.ActiveCfg = Debug|x86
		{12AE952D-83A7-4506-8174-B7A70BCDD649}.Debug|Win32.Build.0 = Debug|x86
		{12AE952D-83A7-4506-8174-B7A70BCDD649}.Debug|x64.ActiveCfg = Debug|x64
		{12AE952D-83A7-4506-8174-B7A70BCDD649}.Debug|x64.Build.0 = Debug|x64
		{12AE952D-83A7-4506-8174-B7A70BCDD649}.fast_debug|Any CPU.ActiveCfg = Release|x86
		{12AE952D-83A7-4506-8174-B7A70BCDD649}.fast_debug|Mixed Platforms.ActiveCfg = Release|x86
		{12AE952D-83A7-4506-8174-B7A70BCDD649}.fast_debug|Mixed Platforms.Build.0 = Release|x86
		{12AE952D-83A7-4506-8174-B7A70BCDD649}.fast_debug|Win32.ActiveCfg = Release|x86
		{12AE952D-83A7-4506-8174-B7A70BCDD649}.fast_debug|x64.ActiveCfg = Release|x86
		{12AE952D-83A7-4506-8174-B7A70BCDD649}.parallel_debug|Any CPU.ActiveCfg = Release|x86
		{12AE952D-83A7-4506-8174-B7A70BCDD649}.parallel_debug|Mixed Platforms.ActiveCfg = Release|x86
		{12AE952D-83A7-4506-8174-B7A70BCDD649}.parallel_debug|Mixed Platforms.Build.0 = Release|x86
		{12AE952D-83A7-4506-8174-B7A70BCDD649}.parallel_debug|Win32.ActiveCfg = Release|x86
		{12AE952D-83A7-4506-8174-B7A70BCDD649}.parallel_debug|x64.ActiveCfg = Release|x86
		{12AE952D-83A7-4506-8174-B7A70BCDD649}.Release|Any CPU.ActiveCfg = Release|x86
		{12AE952D-83A7-4506-8174-B7A70BCDD649}.Release|Mixed Platforms.ActiveCfg = Release|x86
		{12AE952D-83A7-4506-8174-B7A70BCDD649}.Release|Mixed Platforms.Build.0 = Release|x86
		{12AE952D-83A7-4506-8174-B7A70BCDD649}.Release|Win32.ActiveCfg = Release|x86
		{12AE952D-83A7-4506-8174-B7A70BCDD649}.Release|Win32.Build.0 = Release|x86
		{12AE952D-83A7-4506-8174-B7A70BCDD649}.Release|x64.ActiveCfg = Release|x64
		{12AE952D-83A7-4506-8174-B7A70BCDD649}.Release|x64.Build.0 = Release|x64
		{12AE952D-83A7-4506-8174-B7A70BCDD649}.vtune|Any CPU.ActiveCfg = Release|x86
		{12AE952D-83A7-4506-8174-B7A70BCDD649}.vtune|Mixed Platforms.ActiveCfg = Release|x86
		{12AE952D-83A7-4506-8174-B7A70BCDD649}.vtune|Mixed Platforms.Build.0 = Release|x86
		{12AE952D-83A7-4506-8174-B7A70BCDD649}.vtune|Win32.ActiveCfg = Release|x86
		{12AE952D-83A7-4506-8174-B7A70BCDD649}.vtune|x64.ActiveCfg = Release|x86
	EndGlobalSection
	GlobalSection(SolutionProperties) = preSolution
		HideSolutionNode = FALSE
	EndGlobalSection
EndGlobal
